{
  "name": "recoil-site",
  "lockfileVersion": 3,
  "requires": true,
  "packages": {
    "": {
      "name": "recoil-site",
      "devDependencies": {
        "inkcap": "^0.2.0"
      }
    },
    "node_modules/inkcap": {
      "version": "0.2.0",
      "resolved": "https://registry.npmjs.org/inkcap/-/inkcap-0.2.0.tgz",
      "integrity": "sha512-RjDtPfyhfpA/m5L2g/OeofImNmsu+FKK/k3R30ShgkKdkkGOfBmWlEv2C3H2qjtxl4p+3syYo9GflPUMsO4biw==",
      "dev": true,
      "license": "MIT",
      "dependencies": {
        "marked": "^18.0.13"
      },
      "bin": {
        "inkcap": "bin/inkcap.mjs"
      },
      "engines": {
        "node": ">=20"
      }
    },
    "node_modules/marked": {
      "version": "18.0.13",
      "resolved": "https://registry.npmjs.org/marked/-/marked-18.0.13.tgz",
      "integrity": "sha512-xTxVzZsBFwunP6HDmtBkabUQEYArnP7/rMDGmPj9SlrKlQ4i8MdYVow+nJL0eOqwpUqhzBoTBRADGN6uYwPyOw==",
      "dev": true,
      "license": "MIT",
      "bin": {
        "marked": "bin/marked.js"
      },
      "engines": {
        "node": ">= 20"
      }
    }
  }
}
